
Microsoft Visual Studio Solution File, Format Version 12.00
# Visual Studio Version 17
VisualStudioVersion = 17.11.35208.52
MinimumVisualStudioVersion = 10.0.40219.1
Project("{FAE04EC0-301F-11D3-BF4B-00C04F79EFBC}") = "CustomersAJAX", "CustomersAJAX\CustomersAJAX.csproj", "{200511A3-4166-4710-9774-2A88BD17BCBC}"
EndProject
Global
	GlobalSection(SolutionConfigurationPlatforms) = preSolution
		Debug|Any CPU = Debug|Any CPU
		Release|Any CPU = Release|Any CPU
	EndGlobalSection
	GlobalSection(ProjectConfigurationPlatforms) = postSolution
		{200511A3-4166-4710-9774-2A88BD17BCBC}.Debug|Any CPU.ActiveCfg = Debug|Any CPU
		{200511A3-4166-4710-9774-2A88BD17BCBC}.Debug|Any CPU.Build.0 = Debug|Any CPU
		{200511A3-4166-4710-9774-2A88BD17BCBC}.Release|Any CPU.ActiveCfg = Release|Any CPU
		{200511A3-4166-4710-9774-2A88BD17BCBC}.Release|Any CPU.Build.0 = Release|Any CPU
	EndGlobalSection
	GlobalSection(SolutionProperties) = preSolution
		HideSolutionNode = FALSE
	EndGlobalSection
	GlobalSection(ExtensibilityGlobals) = postSolution
		SolutionGuid = {C4E60A7F-72CB-4BC5-968C-BA10C0F06D69}
	EndGlobalSection
EndGlobal
